// !$*UTF8*$!
{
	archiveVersion = 1;
	classes = {
	};
	objectVersion = 50;
	objects = {

/* Begin PBXBuildFile section */
		BD15EC66253C4ABF00BE3EF1 /* ClockView.swift in Sources */ = {isa = PBXBuildFile; fileRef = BD15EC65253C4ABF00BE3EF1 /* ClockView.swift */; };
		BDBD28C02537FB04001D4BC2 /* StopWatchApp.swift in Sources */ = {isa = PBXBuildFile; fileRef = BDBD28BF2537FB04001D4BC2 /* StopWatchApp.swift */; };
		BDBD28C22537FB04001D4BC2 /* ContentView.swift in Sources */ = {isa = PBXBuildFile; fileRef = BDBD28C12537FB04001D4BC2 /* ContentView.swift */; };
		BDBD28C42537FB07001D4BC2 /* Assets.xcassets in Resources */ = {isa = PBXBuildFile; fileRef = BDBD28C32537FB07001D4BC2 /* Assets.xcassets */; };
		BDBD28C72537FB07001D4BC2 /* Preview Assets.xcassets in Resources */ = {isa = PBXBuildFile; fileRef = BDBD28C62537FB07001D4BC2 /* Preview Assets.xcassets */; };
		BDBD28D22537FB07001D4BC2 /* StopWatchTests.swift in Sources */ = {isa = PBXBuildFile; fileRef = BDBD28D12537FB07001D4BC2 /* StopWatchTests.swift */; };
		BDBD28DD2537FB07001D4BC2 /* StopWatchUITests.swift in Sources */ = {isa = PBXBuildFile; fileRef = BDBD28DC2537FB07001D4BC2 /* StopWatchUITests.swift */; };
/* End PBXBuildFile section */

/* Begin PBXContainerItemProxy section */
		BDBD28CE2537FB07001D4BC2 /* PBXContainerItemProxy */ = {
			isa = PBXContainerItemProxy;
			containerPortal = BDBD28B42537FB04001D4BC2 /* Project object */;
			proxyType = 1;
			remoteGlobalIDString = BDBD28BB2537FB04001D4BC2;
			remoteInfo = StopWatch;
		};
		BDBD28D92537FB07001D4BC2 /* PBXContainerItemProxy */ = {
			isa = PBXContainerItemProxy;
			containerPortal = BDBD28B42537FB04001D4BC2 /* Project object */;
			proxyType = 1;
			remoteGlobalIDString = BDBD28BB2537FB04001D4BC2;
			remoteInfo = StopWatch;
		};
/* End PBXContainerItemProxy section */

/* Begin PBXFileReference section */
		BD15EC65253C4ABF00BE3EF1 /* ClockView.swift */ = {isa = PBXFileReference; lastKnownFileType = sourcecode.swift; path = ClockView.swift; sourceTree = "<group>"; };
		BDBD28BC2537FB04001D4BC2 /* StopWatch.app */ = {isa = PBXFileReference; explicitFileType = wrapper.application; includeInIndex = 0; path = StopWatch.app; sourceTree = BUILT_PRODUCTS_DIR; };
		BDBD28BF2537FB04001D4BC2 /* StopWatchApp.swift */ = {isa = PBXFileReference; lastKnownFileType = sourcecode.swift; path = StopWatchApp.swift; sourceTree = "<group>"; };
		BDBD28C12537FB04001D4BC2 /* ContentView.swift */ = {isa = PBXFileReference; lastKnownFileType = sourcecode.swift; path = ContentView.swift; sourceTree = "<group>"; };
		BDBD28C32537FB07001D4BC2 /* Assets.xcassets */ = {isa = PBXFileReference; lastKnownFileType = folder.assetcatalog; path = Assets.xcassets; sourceTree = "<group>"; };
		BDBD28C62537FB07001D4BC2 /* Preview Assets.xcassets */ = {isa = PBXFileReference; lastKnownFileType = folder.assetcatalog; path = "Preview Assets.xcassets"; sourceTree = "<group>"; };
		BDBD28C82537FB07001D4BC2 /* Info.plist */ = {isa = PBXFileReference; lastKnownFileType = text.plist.xml; path = Info.plist; sourceTree = "<group>"; };
		BDBD28CD2537FB07001D4BC2 /* StopWatchTests.xctest */ = {isa = PBXFileReference; explicitFileType = wrapper.cfbundle; includeInIndex = 0; path = StopWatchTests.xctest; sourceTree = BUILT_PRODUCTS_DIR; };
		BDBD28D12537FB07001D4BC2 /* StopWatchTests.swift */ = {isa = PBXFileReference; lastKnownFileType = sourcecode.swift; path = StopWatchTests.swift; sourceTree = "<group>"; };
		BDBD28D32537FB07001D4BC2 /* Info.plist */ = {isa = PBXFileReference; lastKnownFileType = text.plist.xml; path = Info.plist; sourceTree = "<group>"; };
		BDBD28D82537FB07001D4BC2 /* StopWatchUITests.xctest */ = {isa = PBXFileReference; explicitFileType = wrapper.cfbundle; includeInIndex = 0; path = StopWatchUITests.xctest; sourceTree = BUILT_PRODUCTS_DIR; };
		BDBD28DC2537FB07001D4BC2 /* StopWatchUITests.swift */ = {isa = PBXFileReference; lastKnownFileType = sourcecode.swift; path = StopWatchUITests.swift; sourceTree = "<group>"; };
		BDBD28DE2537FB07001D4BC2 /* Info.plist */ = {isa = PBXFileReference; lastKnownFileType = text.plist.xml; path = Info.plist; sourceTree = "<group>"; };
/* End PBXFileReference section */

/* Begin PBXFrameworksBuildPhase section */
		BDBD28B92537FB04001D4BC2 /* Frameworks */ = {
			isa = PBXFrameworksBuildPhase;
			buildActionMask = 2147483647;
			files = (
			);
			runOnlyForDeploymentPostprocessing = 0;
		};
		BDBD28CA2537FB07001D4BC2 /* Frameworks */ = {
			isa = PBXFrameworksBuildPhase;
			buildActionMask = 2147483647;
			files = (
			);
			runOnlyForDeploymentPostprocessing = 0;
		};
		BDBD28D52537FB07001D4BC2 /* Frameworks */ = {
			isa = PBXFrameworksBuildPhase;
			buildActionMask = 2147483647;
			files = (
			);
			runOnlyForDeploymentPostprocessing = 0;
		};
/* End PBXFrameworksBuildPhase section */

/* Begin PBXGroup section */
		BDBD28B32537FB04001D4BC2 = {
			isa = PBXGroup;
			children = (
				BDBD28BE2537FB04001D4BC2 /* StopWatch */,
				BDBD28D02537FB07001D4BC2 /* StopWatchTests */,
				BDBD28DB2537FB07001D4BC2 /* StopWatchUITests */,
				BDBD28BD2537FB04001D4BC2 /* Products */,
			);
			sourceTree = "<group>";
		};
		BDBD28BD2537FB04001D4BC2 /* Products */ = {
			isa = PBXGroup;
			children = (
				BDBD28BC2537FB04001D4BC2 /* StopWatch.app */,
				BDBD28CD2537FB07001D4BC2 /* StopWatchTests.xctest */,
				BDBD28D82537FB07001D4BC2 /* StopWatchUITests.xctest */,
			);
			name = Products;
			sourceTree = "<group>";
		};
		BDBD28BE2537FB04001D4BC2 /* StopWatch */ = {
			isa = PBXGroup;
			children = (
				BDBD28BF2537FB04001D4BC2 /* StopWatchApp.swift */,
				BDBD28C12537FB04001D4BC2 /* ContentView.swift */,
				BD15EC65253C4ABF00BE3EF1 /* ClockView.swift */,
				BDBD28C32537FB07001D4BC2 /* Assets.xcassets */,
				BDBD28C82537FB07001D4BC2 /* Info.plist */,
				BDBD28C52537FB07001D4BC2 /* Preview Content */,
			);
			path = StopWatch;
			sourceTree = "<group>";
		};
		BDBD28C52537FB07001D4BC2 /* Preview Content */ = {
			isa = PBXGroup;
			children = (
				BDBD28C62537FB07001D4BC2 /* Preview Assets.xcassets */,
			);
			path = "Preview Content";
			sourceTree = "<group>";
		};
		BDBD28D02537FB07001D4BC2 /* StopWatchTests */ = {
			isa = PBXGroup;
			children = (
				BDBD28D12537FB07001D4BC2 /* StopWatchTests.swift */,
				BDBD28D32537FB07001D4BC2 /* Info.plist */,
			);
			path = StopWatchTests;
			sourceTree = "<group>";
		};
		BDBD28DB2537FB07001D4BC2 /* StopWatchUITests */ = {
			isa = PBXGroup;
			children = (
				BDBD28DC2537FB07001D4BC2 /* StopWatchUITests.swift */,
				BDBD28DE2537FB07001D4BC2 /* Info.plist */,
			);
			path = StopWatchUITests;
			sourceTree = "<group>";
		};
/* End PBXGroup section */

/* Begin PBXNativeTarget section */
		BDBD28BB2537FB04001D4BC2 /* StopWatch */ = {
			isa = PBXNativeTarget;
			buildConfigurationList = BDBD28E12537FB07001D4BC2 /* Build configuration list for PBXNativeTarget "StopWatch" */;
			buildPhases = (
				BDBD28B82537FB04001D4BC2 /* Sources */,
				BDBD28B92537FB04001D4BC2 /* Frameworks */,
				BDBD28BA2537FB04001D4BC2 /* Resources */,
			);
			buildRules = (
			);
			dependencies = (
			);
			name = StopWatch;
			productName = StopWatch;
			productReference = BDBD28BC2537FB04001D4BC2 /* StopWatch.app */;
			productType = "com.apple.product-type.application";
		};
		BDBD28CC2537FB07001D4BC2 /* StopWatchTests */ = {
			isa = PBXNativeTarget;
			buildConfigurationList = BDBD28E42537FB07001D4BC2 /* Build configuration list for PBXNativeTarget "StopWatchTests" */;
			buildPhases = (
				BDBD28C92537FB07001D4BC2 /* Sources */,
				BDBD28CA2537FB07001D4BC2 /* Frameworks */,
				BDBD28CB2537FB07001D4BC2 /* Resources */,
			);
			buildRules = (
			);
			dependencies = (
				BDBD28CF2537FB07001D4BC2 /* PBXTargetDependency */,
			);
			name = StopWatchTests;
			productName = StopWatchTests;
			productReference = BDBD28CD2537FB07001D4BC2 /* StopWatchTests.xctest */;
			productType = "com.apple.product-type.bundle.unit-test";
		};
		BDBD28D72537FB07001D4BC2 /* StopWatchUITests */ = {
			isa = PBXNativeTarget;
			buildConfigurationList = BDBD28E72537FB07001D4BC2 /* Build configuration list for PBXNativeTarget "StopWatchUITests" */;
			buildPhases = (
				BDBD28D42537FB07001D4BC2 /* Sources */,
				BDBD28D52537FB07001D4BC2 /* Frameworks */,
				BDBD28D62537FB07001D4BC2 /* Resources */,
			);
			buildRules = (
			);
			dependencies = (
				BDBD28DA2537FB07001D4BC2 /* PBXTargetDependency */,
			);
			name = StopWatchUITests;
			productName = StopWatchUITests;
			productReference = BDBD28D82537FB07001D4BC2 /* StopWatchUITests.xctest */;
			productType = "com.apple.product-type.bundle.ui-testing";
		};
/* End PBXNativeTarget section */

/* Begin PBXProject section */
		BDBD28B42537FB04001D4BC2 /* Project object */ = {
			isa = PBXProject;
			attributes = {
				LastSwiftUpdateCheck = 1200;
				LastUpgradeCheck = 1200;
				TargetAttributes = {
					BDBD28BB2537FB04001D4BC2 = {
						CreatedOnToolsVersion = 12.0.1;
					};
					BDBD28CC2537FB07001D4BC2 = {
						CreatedOnToolsVersion = 12.0.1;
						TestTargetID = BDBD28BB2537FB04001D4BC2;
					};
					BDBD28D72537FB07001D4BC2 = {
						CreatedOnToolsVersion = 12.0.1;
						TestTargetID = BDBD28BB2537FB04001D4BC2;
					};
				};
			};
			buildConfigurationList = BDBD28B72537FB04001D4BC2 /* Build configuration list for PBXProject "StopWatch" */;
			compatibilityVersion = "Xcode 9.3";
			developmentRegion = en;
			hasScannedForEncodings = 0;
			knownRegions = (
				en,
				Base,
			);
			mainGroup = BDBD28B32537FB04001D4BC2;
			productRefGroup = BDBD28BD2537FB04001D4BC2 /* Products */;
			projectDirPath = "";
			projectRoot = "";
			targets = (
				BDBD28BB2537FB04001D4BC2 /* StopWatch */,
				BDBD28CC2537FB07001D4BC2 /* StopWatchTests */,
				BDBD28D72537FB07001D4BC2 /* StopWatchUITests */,
			);
		};
/* End PBXProject section */

/* Begin PBXResourcesBuildPhase section */
		BDBD28BA2537FB04001D4BC2 /* Resources */ = {
			isa = PBXResourcesBuildPhase;
			buildActionMask = 2147483647;
			files = (
				BDBD28C72537FB07001D4BC2 /* Preview Assets.xcassets in Resources */,
				BDBD28C42537FB07001D4BC2 /* Assets.xcassets in Resources */,
			);
			runOnlyForDeploymentPostprocessing = 0;
		};
		BDBD28CB2537FB07001D4BC2 /* Resources */ = {
			isa = PBXResourcesBuildPhase;
			buildActionMask = 2147483647;
			files = (
			);
			runOnlyForDeploymentPostprocessing = 0;
		};
		BDBD28D62537FB07001D4BC2 /* Resources */ = {
			isa = PBXResourcesBuildPhase;
			buildActionMask = 2147483647;
			files = (
			);
			runOnlyForDeploymentPostprocessing = 0;
		};
/* End PBXResourcesBuildPhase section */

/* Begin PBXSourcesBuildPhase section */
		BDBD28B82537FB04001D4BC2 /* Sources */ = {
			isa = PBXSourcesBuildPhase;
			buildActionMask = 2147483647;
			files = (
				BDBD28C22537FB04001D4BC2 /* ContentView.swift in Sources */,
				BD15EC66253C4ABF00BE3EF1 /* ClockView.swift in Sources */,
				BDBD28C02537FB04001D4BC2 /* StopWatchApp.swift in Sources */,
			);
			runOnlyForDeploymentPostprocessing = 0;
		};
		BDBD28C92537FB07001D4BC2 /* Sources */ = {
			isa = PBXSourcesBuildPhase;
			buildActionMask = 2147483647;
			files = (
				BDBD28D22537FB07001D4BC2 /* StopWatchTests.swift in Sources */,
			);
			runOnlyForDeploymentPostprocessing = 0;
		};
		BDBD28D42537FB07001D4BC2 /* Sources */ = {
			isa = PBXSourcesBuildPhase;
			buildActionMask = 2147483647;
			files = (
				BDBD28DD2537FB07001D4BC2 /* StopWatchUITests.swift in Sources */,
			);
			runOnlyForDeploymentPostprocessing = 0;
		};
/* End PBXSourcesBuildPhase section */

/* Begin PBXTargetDependency section */
		BDBD28CF2537FB07001D4BC2 /* PBXTargetDependency */ = {
			isa = PBXTargetDependency;
			target = BDBD28BB2537FB04001D4BC2 /* StopWatch */;
			targetProxy = BDBD28CE2537FB07001D4BC2 /* PBXContainerItemProxy */;
		};
		BDBD28DA2537FB07001D4BC2 /* PBXTargetDependency */ = {
			isa = PBXTargetDependency;
			target = BDBD28BB2537FB04001D4BC2 /* StopWatch */;
			targetProxy = BDBD28D92537FB07001D4BC2 /* PBXContainerItemProxy */;
		};
/* End PBXTargetDependency section */

/* Begin XCBuildConfiguration section */
		BDBD28DF2537FB07001D4BC2 /* Debug */ = {
			isa = XCBuildConfiguration;
			buildSettings = {
				ALWAYS_SEARCH_USER_PATHS = NO;
				CLANG_ANALYZER_NONNULL = YES;
				CLANG_ANALYZER_NUMBER_OBJECT_CONVERSION = YES_AGGRESSIVE;
				CLANG_CXX_LANGUAGE_STANDARD = "gnu++14";
				CLANG_CXX_LIBRARY = "libc++";
				CLANG_ENABLE_MODULES = YES;
				CLANG_ENABLE_OBJC_ARC = YES;
				CLANG_ENABLE_OBJC_WEAK = YES;
				CLANG_WARN_BLOCK_CAPTURE_AUTORELEASING = YES;
				CLANG_WARN_BOOL_CONVERSION = YES;
				CLANG_WARN_COMMA = YES;
				CLANG_WARN_CONSTANT_CONVERSION = YES;
				CLANG_WARN_DEPRECATED_OBJC_IMPLEMENTATIONS = YES;
				CLANG_WARN_DIRECT_OBJC_ISA_USAGE = YES_ERROR;
				CLANG_WARN_DOCUMENTATION_COMMENTS = YES;
				CLANG_WARN_EMPTY_BODY = YES;
				CLANG_WARN_ENUM_CONVERSION = YES;
				CLANG_WARN_INFINITE_RECURSION = YES;
				CLANG_WARN_INT_CONVERSION = YES;
				CLANG_WARN_NON_LITERAL_NULL_CONVERSION = YES;
				CLANG_WARN_OBJC_IMPLICIT_RETAIN_SELF = YES;
				CLANG_WARN_OBJC_LITERAL_CONVERSION = YES;
				CLANG_WARN_OBJC_ROOT_CLASS = YES_ERROR;
				CLANG_WARN_QUOTED_INCLUDE_IN_FRAMEWORK_HEADER = YES;
				CLANG_WARN_RANGE_LOOP_ANALYSIS = YES;
				CLANG_WARN_STRICT_PROTOTYPES = YES;
				CLANG_WARN_SUSPICIOUS_MOVE = YES;
				CLANG_WARN_UNGUARDED_AVAILABILITY = YES_AGGRESSIVE;
				CLANG_WARN_UNREACHABLE_CODE = YES;
				CLANG_WARN__DUPLICATE_METHOD_MATCH = YES;
				COPY_PHASE_STRIP = NO;
				DEBUG_INFORMATION_FORMAT = dwarf;
				ENABLE_STRICT_OBJC_MSGSEND = YES;
				ENABLE_TESTABILITY = YES;
				GCC_C_LANGUAGE_STANDARD = gnu11;
				GCC_DYNAMIC_NO_PIC = NO;
				GCC_NO_COMMON_BLOCKS = YES;
				GCC_OPTIMIZATION_LEVEL = 0;
				GCC_PREPROCESSOR_DEFINITIONS = (
					"DEBUG=1",
					"$(inherited)",
				);
				GCC_WARN_64_TO_32_BIT_CONVERSION = YES;
				GCC_WARN_ABOUT_RETURN_TYPE = YES_ERROR;
				GCC_WARN_UNDECLARED_SELECTOR = YES;
				GCC_WARN_UNINITIALIZED_AUTOS = YES_AGGRESSIVE;
				GCC_WARN_UNUSED_FUNCTION = YES;
				GCC_WARN_UNUSED_VARIABLE = YES;
				IPHONEOS_DEPLOYMENT_TARGET = 14.0;
				MTL_ENABLE_DEBUG_INFO = INCLUDE_SOURCE;
				MTL_FAST_MATH = YES;
				ONLY_ACTIVE_ARCH = YES;
				SDKROOT = iphoneos;
				SWIFT_ACTIVE_COMPILATION_CONDITIONS = DEBUG;
				SWIFT_OPTIMIZATION_LEVEL = "-Onone";
			};
			name = Debug;
		};
		BDBD28E02537FB07001D4BC2 /* Release */ = {
			isa = XCBuildConfiguration;
			buildSettings = {
				ALWAYS_SEARCH_USER_PATHS = NO;
				CLANG_ANALYZER_NONNULL = YES;
				CLANG_ANALYZER_NUMBER_OBJECT_CONVERSION = YES_AGGRESSIVE;
				CLANG_CXX_LANGUAGE_STANDARD = "gnu++14";
				CLANG_CXX_LIBRARY = "libc++";
				CLANG_ENABLE_MODULES = YES;
				CLANG_ENABLE_OBJC_ARC = YES;
				CLANG_ENABLE_OBJC_WEAK = YES;
				CLANG_WARN_BLOCK_CAPTURE_AUTORELEASING = YES;
				CLANG_WARN_BOOL_CONVERSION = YES;
				CLANG_WARN_COMMA = YES;
				CLANG_WARN_CONSTANT_CONVERSION = YES;
				CLANG_WARN_DEPRECATED_OBJC_IMPLEMENTATIONS = YES;
				CLANG_WARN_DIRECT_OBJC_ISA_USAGE = YES_ERROR;
				CLANG_WARN_DOCUMENTATION_COMMENTS = YES;
				CLANG_WARN_EMPTY_BODY = YES;
				CLANG_WARN_ENUM_CONVERSION = YES;
				CLANG_WARN_INFINITE_RECURSION = YES;
				CLANG_WARN_INT_CONVERSION = YES;
				CLANG_WARN_NON_LITERAL_NULL_CONVERSION = YES;
				CLANG_WARN_OBJC_IMPLICIT_RETAIN_SELF = YES;
				CLANG_WARN_OBJC_LITERAL_CONVERSION = YES;
				CLANG_WARN_OBJC_ROOT_CLASS = YES_ERROR;
				CLANG_WARN_QUOTED_INCLUDE_IN_FRAMEWORK_HEADER = YES;
				CLANG_WARN_RANGE_LOOP_ANALYSIS = YES;
				CLANG_WARN_STRICT_PROTOTYPES = YES;
				CLANG_WARN_SUSPICIOUS_MOVE = YES;
				CLANG_WARN_UNGUARDED_AVAILABILITY = YES_AGGRESSIVE;
				CLANG_WARN_UNREACHABLE_CODE = YES;
				CLANG_WARN__DUPLICATE_METHOD_MATCH = YES;
				COPY_PHASE_STRIP = NO;
				DEBUG_INFORMATION_FORMAT = "dwarf-with-dsym";
				ENABLE_NS_ASSERTIONS = NO;
				ENABLE_STRICT_OBJC_MSGSEND = YES;
				GCC_C_LANGUAGE_STANDARD = gnu11;
				GCC_NO_COMMON_BLOCKS = YES;
				GCC_WARN_64_TO_32_BIT_CONVERSION = YES;
				GCC_WARN_ABOUT_RETURN_TYPE = YES_ERROR;
				GCC_WARN_UNDECLARED_SELECTOR = YES;
				GCC_WARN_UNINITIALIZED_AUTOS = YES_AGGRESSIVE;
				GCC_WARN_UNUSED_FUNCTION = YES;
				GCC_WARN_UNUSED_VARIABLE = YES;
				IPHONEOS_DEPLOYMENT_TARGET = 14.0;
				MTL_ENABLE_DEBUG_INFO = NO;
				MTL_FAST_MATH = YES;
				SDKROOT = iphoneos;
				SWIFT_COMPILATION_MODE = wholemodule;
				SWIFT_OPTIMIZATION_LEVEL = "-O";
				VALIDATE_PRODUCT = YES;
			};
			name = Release;
		};
		BDBD28E22537FB07001D4BC2 /* Debug */ = {
			isa = XCBuildConfiguration;
			buildSettings = {
				ASSETCATALOG_COMPILER_APPICON_NAME = AppIcon;
				ASSETCATALOG_COMPILER_GLOBAL_ACCENT_COLOR_NAME = AccentColor;
				CODE_SIGN_STYLE = Automatic;
				DEVELOPMENT_ASSET_PATHS = "\"StopWatch/Preview Content\"";
				ENABLE_PREVIEWS = YES;
				INFOPLIST_FILE = StopWatch/Info.plist;
				IPHONEOS_DEPLOYMENT_TARGET = 14.0;
				LD_RUNPATH_SEARCH_PATHS = (
					"$(inherited)",
					"@executable_path/Frameworks",
				);
				PRODUCT_BUNDLE_IDENTIFIER = test.StopWatch;
				PRODUCT_NAME = "$(TARGET_NAME)";
				SWIFT_VERSION = 5.0;
				TARGETED_DEVICE_FAMILY = "1,2";
			};
			name = Debug;
		};
		BDBD28E32537FB07001D4BC2 /* Release */ = {
			isa = XCBuildConfiguration;
			buildSettings = {
				ASSETCATALOG_COMPILER_APPICON_NAME = AppIcon;
				ASSETCATALOG_COMPILER_GLOBAL_ACCENT_COLOR_NAME = AccentColor;
				CODE_SIGN_STYLE = Automatic;
				DEVELOPMENT_ASSET_PATHS = "\"StopWatch/Preview Content\"";
				ENABLE_PREVIEWS = YES;
				INFOPLIST_FILE = StopWatch/Info.plist;
				IPHONEOS_DEPLOYMENT_TARGET = 14.0;
				LD_RUNPATH_SEARCH_PATHS = (
					"$(inherited)",
					"@executable_path/Frameworks",
				);
				PRODUCT_BUNDLE_IDENTIFIER = test.StopWatch;
				PRODUCT_NAME = "$(TARGET_NAME)";
				SWIFT_VERSION = 5.0;
				TARGETED_DEVICE_FAMILY = "1,2";
			};
			name = Release;
		};
		BDBD28E52537FB07001D4BC2 /* Debug */ = {
			isa = XCBuildConfiguration;
			buildSettings = {
				ALWAYS_EMBED_SWIFT_STANDARD_LIBRARIES = YES;
				BUNDLE_LOADER = "$(TEST_HOST)";
				CODE_SIGN_STYLE = Automatic;
				INFOPLIST_FILE = StopWatchTests/Info.plist;
				IPHONEOS_DEPLOYMENT_TARGET = 14.0;
				LD_RUNPATH_SEARCH_PATHS = (
					"$(inherited)",
					"@executable_path/Frameworks",
					"@loader_path/Frameworks",
				);
				PRODUCT_BUNDLE_IDENTIFIER = test.StopWatchTests;
				PRODUCT_NAME = "$(TARGET_NAME)";
				SWIFT_VERSION = 5.0;
				TARGETED_DEVICE_FAMILY = "1,2";
				TEST_HOST = "$(BUILT_PRODUCTS_DIR)/StopWatch.app/StopWatch";
			};
			name = Debug;
		};
		BDBD28E62537FB07001D4BC2 /* Release */ = {
			isa = XCBuildConfiguration;
			buildSettings = {
				ALWAYS_EMBED_SWIFT_STANDARD_LIBRARIES = YES;
				BUNDLE_LOADER = "$(TEST_HOST)";
				CODE_SIGN_STYLE = Automatic;
				INFOPLIST_FILE = StopWatchTests/Info.plist;
				IPHONEOS_DEPLOYMENT_TARGET = 14.0;
				LD_RUNPATH_SEARCH_PATHS = (
					"$(inherited)",
					"@executable_path/Frameworks",
					"@loader_path/Frameworks",
				);
				PRODUCT_BUNDLE_IDENTIFIER = test.StopWatchTests;
				PRODUCT_NAME = "$(TARGET_NAME)";
				SWIFT_VERSION = 5.0;
				TARGETED_DEVICE_FAMILY = "1,2";
				TEST_HOST = "$(BUILT_PRODUCTS_DIR)/StopWatch.app/StopWatch";
			};
			name = Release;
		};
		BDBD28E82537FB07001D4BC2 /* Debug */ = {
			isa = XCBuildConfiguration;
			buildSettings = {
				ALWAYS_EMBED_SWIFT_STANDARD_LIBRARIES = YES;
				CODE_SIGN_STYLE = Automatic;
				INFOPLIST_FILE = StopWatchUITests/Info.plist;
				LD_RUNPATH_SEARCH_PATHS = (
					"$(inherited)",
					"@executable_path/Frameworks",
					"@loader_path/Frameworks",
				);
				PRODUCT_BUNDLE_IDENTIFIER = test.StopWatchUITests;
				PRODUCT_NAME = "$(TARGET_NAME)";
				SWIFT_VERSION = 5.0;
				TARGETED_DEVICE_FAMILY = "1,2";
				TEST_TARGET_NAME = StopWatch;
			};
			name = Debug;
		};
		BDBD28E92537FB07001D4BC2 /* Release */ = {
			isa = XCBuildConfiguration;
			buildSettings = {
				ALWAYS_EMBED_SWIFT_STANDARD_LIBRARIES = YES;
				CODE_SIGN_STYLE = Automatic;
				INFOPLIST_FILE = StopWatchUITests/Info.plist;
				LD_RUNPATH_SEARCH_PATHS = (
					"$(inherited)",
					"@executable_path/Frameworks",
					"@loader_path/Frameworks",
				);
				PRODUCT_BUNDLE_IDENTIFIER = test.StopWatchUITests;
				PRODUCT_NAME = "$(TARGET_NAME)";
				SWIFT_VERSION = 5.0;
				TARGETED_DEVICE_FAMILY = "1,2";
				TEST_TARGET_NAME = StopWatch;
			};
			name = Release;
		};
/* End XCBuildConfiguration section */

/* Begin XCConfigurationList section */
		BDBD28B72537FB04001D4BC2 /* Build configuration list for PBXProject "StopWatch" */ = {
			isa = XCConfigurationList;
			buildConfigurations = (
				BDBD28DF2537FB07001D4BC2 /* Debug */,
				BDBD28E02537FB07001D4BC2 /* Release */,
			);
			defaultConfigurationIsVisible = 0;
			defaultConfigurationName = Release;
		};
		BDBD28E12537FB07001D4BC2 /* Build configuration list for PBXNativeTarget "StopWatch" */ = {
			isa = XCConfigurationList;
			buildConfigurations = (
				BDBD28E22537FB07001D4BC2 /* Debug */,
				BDBD28E32537FB07001D4BC2 /* Release */,
			);
			defaultConfigurationIsVisible = 0;
			defaultConfigurationName = Release;
		};
		BDBD28E42537FB07001D4BC2 /* Build configuration list for PBXNativeTarget "StopWatchTests" */ = {
			isa = XCConfigurationList;
			buildConfigurations = (
				BDBD28E52537FB07001D4BC2 /* Debug */,
				BDBD28E62537FB07001D4BC2 /* Release */,
			);
			defaultConfigurationIsVisible = 0;
			defaultConfigurationName = Release;
		};
		BDBD28E72537FB07001D4BC2 /* Build configuration list for PBXNativeTarget "StopWatchUITests" */ = {
			isa = XCConfigurationList;
			buildConfigurations = (
				BDBD28E82537FB07001D4BC2 /* Debug */,
				BDBD28E92537FB07001D4BC2 /* Release */,
			);
			defaultConfigurationIsVisible = 0;
			defaultConfigurationName = Release;
		};
/* End XCConfigurationList section */
	};
	rootObject = BDBD28B42537FB04001D4BC2 /* Project object */;
}
